<?xml version="1.0" encoding="utf-8"?>
<Project ToolsVersion="4.0" xmlns="http://schemas.microsoft.com/developer/msbuild/2003">
  <ItemGroup>
    <Filter Include="Source Files">
      <UniqueIdentifier>{4FC737F1-C7A5-4376-A066-2A32D752A2FF}</UniqueIdentifier>
      <Extensions>cpp;c;cc;cxx;c++;def;odl;idl;hpj;bat;asm;asmx</Extensions>
    </Filter>
    <Filter Include="Header Files">
      <UniqueIdentifier>{93995380-89BD-4b04-88EB-625FBE52EBFB}</UniqueIdentifier>
      <Extensions>h;hh;hpp;hxx;h++;hm;inl;inc;ipp;xsd</Extensions>
    </Filter>
    <Filter Include="Resource Files">
      <UniqueIdentifier>{67DA6AB6-F800-4c08-8B7A-83BB121AAD01}</UniqueIdentifier>
      <Extensions>rc;ico;cur;bmp;dlg;rc2;rct;bin;rgs;gif;jpg;jpeg;jpe;resx;tiff;tif;png;wav;mfcribbon-ms</Extensions>
    </Filter>
    <Filter Include="Assets">
      <UniqueIdentifier>{49301c76-d40f-4185-961c-1f11260225d7}</UniqueIdentifier>
    </Filter>
    <Filter Include="Assets\shaders">
      <UniqueIdentifier>{39c36b33-8fe5-4d44-8d61-447afc97607e}</UniqueIdentifier>
    </Filter>
  </ItemGroup>
  <ItemGroup>
    <ClInclude Include="src\threads\blocking_counter.h">
      <Filter>Header Files</Filter>
    </ClInclude>
    <ClInclude Include="src\ExtendList.h">
      <Filter>Header Files</Filter>
    </ClInclude>
    <ClInclude Include="src\QuadTree.h">
      <Filter>Header Files</Filter>
    </ClInclude>
    <ClInclude Include="src\RenderingConfig.h">
      <Filter>Header Files</Filter>
    </ClInclude>
    <ClInclude Include="src\MainApplication.h">
      <Filter>Header Files</Filter>
    </ClInclude>
    <ClInclude Include="src\RenderModel.h">
      <Filter>Header Files</Filter>
    </ClInclude>
    <ClInclude Include="src\SystemTime.h">
      <Filter>Header Files</Filter>
    </ClInclude>
    <ClInclude Include="src\threads\threadpool.h">
      <Filter>Header Files</Filter>
    </ClInclude>
    <ClInclude Include="src\util.h">
      <Filter>Header Files</Filter>
    </ClInclude>
    <ClInclude Include="src\VertexArray.h">
      <Filter>Header Files</Filter>
    </ClInclude>
    <ClInclude Include="src\threads\blocking_queue.h">
      <Filter>Header Files</Filter>
    </ClInclude>
    <ClInclude Include="src\threads\semaphore.h">
      <Filter>Header Files</Filter>
    </ClInclude>
  </ItemGroup>
  <ItemGroup>
    <ClCompile Include="src\main.cpp">
      <Filter>Source Files</Filter>
    </ClCompile>
    <ClCompile Include="src\MainApplication.cpp">
      <Filter>Source Files</Filter>
    </ClCompile>
    <ClCompile Include="src\RenderModel.cpp">
      <Filter>Source Files</Filter>
    </ClCompile>
    <ClCompile Include="src\SystemTime.cpp">
      <Filter>Source Files</Filter>
    </ClCompile>
    <ClCompile Include="src\QuadTree.cpp">
      <Filter>Source Files</Filter>
    </ClCompile>
    <ClCompile Include="third_party\misc\Matrices.cpp">
      <Filter>Source Files</Filter>
    </ClCompile>
    <ClCompile Include="third_party\misc\pathtools.cpp">
      <Filter>Source Files</Filter>
    </ClCompile>
    <ClCompile Include="third_party\misc\strtools.cpp">
      <Filter>Source Files</Filter>
    </ClCompile>
  </ItemGroup>
  <ItemGroup>
    <FxCompile Include="shaders\axes.hlsl">
      <Filter>Assets\shaders</Filter>
    </FxCompile>
    <FxCompile Include="shaders\companion.hlsl">
      <Filter>Assets\shaders</Filter>
    </FxCompile>
    <FxCompile Include="shaders\mandel.hlsl">
      <Filter>Assets\shaders</Filter>
    </FxCompile>
    <FxCompile Include="shaders\rendermodel.hlsl">
      <Filter>Assets\shaders</Filter>
    </FxCompile>
  </ItemGroup>
</Project>